// !$*UTF8*$!
{
	archiveVersion = 1;
	classes = {
	};
	objectVersion = 46;
	objects = {

/* Begin PBXBuildFile section */
		9A826867E7CFA4A9DCD88667 /* libPods.a in Frameworks */ = {isa = PBXBuildFile; fileRef = 2B8F43C532DC4C9B9CACB14E /* libPods.a */; };
		CC1165E91D13F0900056B0D5 /* ZQLiveViewController.m in Sources */ = {isa = PBXBuildFile; fileRef = CC1165E81D13F0900056B0D5 /* ZQLiveViewController.m */; };
		CC1165EC1D13F48C0056B0D5 /* ZQCellConstant.m in Sources */ = {isa = PBXBuildFile; fileRef = CC1165EB1D13F48C0056B0D5 /* ZQCellConstant.m */; };
		CC2177851D0F93C0001BA6D4 /* ZQAdModel.m in Sources */ = {isa = PBXBuildFile; fileRef = CC2177841D0F93C0001BA6D4 /* ZQAdModel.m */; };
		CC2177891D0FA09D001BA6D4 /* ZQNetworkManager.m in Sources */ = {isa = PBXBuildFile; fileRef = CC2177881D0FA09D001BA6D4 /* ZQNetworkManager.m */; };
		CC21778F1D0FEF2A001BA6D4 /* ZQFirstSectionHeader.m in Sources */ = {isa = PBXBuildFile; fileRef = CC21778E1D0FEF2A001BA6D4 /* ZQFirstSectionHeader.m */; };
		CC2177951D0FF1E9001BA6D4 /* ZQPictureView.m in Sources */ = {isa = PBXBuildFile; fileRef = CC2177941D0FF1E9001BA6D4 /* ZQPictureView.m */; };
		CC3910C11D123F8500A89DEC /* ZQPlayerView.m in Sources */ = {isa = PBXBuildFile; fileRef = CC3910C01D123F8500A89DEC /* ZQPlayerView.m */; };
		CC3939211D13CAA80038B025 /* ZQPlayerControlView.m in Sources */ = {isa = PBXBuildFile; fileRef = CC3939201D13CAA80038B025 /* ZQPlayerControlView.m */; };
		CC88A8371D0E69D600C32490 /* ZQSectionHeader.m in Sources */ = {isa = PBXBuildFile; fileRef = CC88A8361D0E69D600C32490 /* ZQSectionHeader.m */; };
		CC88A83A1D0E94FA00C32490 /* ZQAPI.m in Sources */ = {isa = PBXBuildFile; fileRef = CC88A8391D0E94FA00C32490 /* ZQAPI.m */; };
		CCC4ECB41D07CC0700B6EF80 /* main.m in Sources */ = {isa = PBXBuildFile; fileRef = CCC4ECB31D07CC0700B6EF80 /* main.m */; };
		CCC4ECB71D07CC0700B6EF80 /* AppDelegate.m in Sources */ = {isa = PBXBuildFile; fileRef = CCC4ECB61D07CC0700B6EF80 /* AppDelegate.m */; };
		CCC4ECBF1D07CC0700B6EF80 /* Assets.xcassets in Resources */ = {isa = PBXBuildFile; fileRef = CCC4ECBE1D07CC0700B6EF80 /* Assets.xcassets */; };
		CCC4ECD01D07D2B200B6EF80 /* ZQTabBarController.m in Sources */ = {isa = PBXBuildFile; fileRef = CCC4ECCF1D07D2B200B6EF80 /* ZQTabBarController.m */; };
		CCC4ECD31D07D2E500B6EF80 /* ZQNavigationController.m in Sources */ = {isa = PBXBuildFile; fileRef = CCC4ECD21D07D2E500B6EF80 /* ZQNavigationController.m */; };
		CCC4ECD61D07D3C300B6EF80 /* ZQBaseViewController.m in Sources */ = {isa = PBXBuildFile; fileRef = CCC4ECD51D07D3C300B6EF80 /* ZQBaseViewController.m */; };
		CCC4ECDD1D07D45F00B6EF80 /* ZQHomeViewController.m in Sources */ = {isa = PBXBuildFile; fileRef = CCC4ECDC1D07D45F00B6EF80 /* ZQHomeViewController.m */; };
		CCDE6D4F1D10EFB10043C52D /* ZQHomeListModel.m in Sources */ = {isa = PBXBuildFile; fileRef = CCDE6D4E1D10EFB10043C52D /* ZQHomeListModel.m */; };
		CCDE6D521D110AA50043C52D /* ZQHomeCell.m in Sources */ = {isa = PBXBuildFile; fileRef = CCDE6D511D110AA50043C52D /* ZQHomeCell.m */; };
		CCDE6D591D111BFE0043C52D /* ZQRoomViewController.m in Sources */ = {isa = PBXBuildFile; fileRef = CCDE6D581D111BFE0043C52D /* ZQRoomViewController.m */; };
/* End PBXBuildFile section */

/* Begin PBXFileReference section */
		2B8F43C532DC4C9B9CACB14E /* libPods.a */ = {isa = PBXFileReference; explicitFileType = archive.ar; includeInIndex = 0; path = libPods.a; sourceTree = BUILT_PRODUCTS_DIR; };
		6D6FF1BE7F7DFBE1398E004C /* Pods.debug.xcconfig */ = {isa = PBXFileReference; includeInIndex = 1; lastKnownFileType = text.xcconfig; name = Pods.debug.xcconfig; path = "Pods/Target Support Files/Pods/Pods.debug.xcconfig"; sourceTree = "<group>"; };
		73E260742C0DCC5B615CB7F3 /* Pods.release.xcconfig */ = {isa = PBXFileReference; includeInIndex = 1; lastKnownFileType = text.xcconfig; name = Pods.release.xcconfig; path = "Pods/Target Support Files/Pods/Pods.release.xcconfig"; sourceTree = "<group>"; };
		CC1165E71D13F0900056B0D5 /* ZQLiveViewController.h */ = {isa = PBXFileReference; fileEncoding = 4; lastKnownFileType = sourcecode.c.h; path = ZQLiveViewController.h; sourceTree = "<group>"; };
		CC1165E81D13F0900056B0D5 /* ZQLiveViewController.m */ = {isa = PBXFileReference; fileEncoding = 4; lastKnownFileType = sourcecode.c.objc; path = ZQLiveViewController.m; sourceTree = "<group>"; };
		CC1165EA1D13F48B0056B0D5 /* ZQCellConstant.h */ = {isa = PBXFileReference; fileEncoding = 4; lastKnownFileType = sourcecode.c.h; path = ZQCellConstant.h; sourceTree = "<group>"; };
		CC1165EB1D13F48C0056B0D5 /* ZQCellConstant.m */ = {isa = PBXFileReference; fileEncoding = 4; lastKnownFileType = sourcecode.c.objc; path = ZQCellConstant.m; sourceTree = "<group>"; };
		CC2177831D0F93C0001BA6D4 /* ZQAdModel.h */ = {isa = PBXFileReference; fileEncoding = 4; lastKnownFileType = sourcecode.c.h; path = ZQAdModel.h; sourceTree = "<group>"; };
		CC2177841D0F93C0001BA6D4 /* ZQAdModel.m */ = {isa = PBXFileReference; fileEncoding = 4; lastKnownFileType = sourcecode.c.objc; path = ZQAdModel.m; sourceTree = "<group>"; };
		CC2177871D0FA09D001BA6D4 /* ZQNetworkManager.h */ = {isa = PBXFileReference; fileEncoding = 4; lastKnownFileType = sourcecode.c.h; path = ZQNetworkManager.h; sourceTree = "<group>"; };
		CC2177881D0FA09D001BA6D4 /* ZQNetworkManager.m */ = {isa = PBXFileReference; fileEncoding = 4; lastKnownFileType = sourcecode.c.objc; path = ZQNetworkManager.m; sourceTree = "<group>"; };
		CC21778D1D0FEF2A001BA6D4 /* ZQFirstSectionHeader.h */ = {isa = PBXFileReference; fileEncoding = 4; lastKnownFileType = sourcecode.c.h; path = ZQFirstSectionHeader.h; sourceTree = "<group>"; };
		CC21778E1D0FEF2A001BA6D4 /* ZQFirstSectionHeader.m */ = {isa = PBXFileReference; fileEncoding = 4; lastKnownFileType = sourcecode.c.objc; path = ZQFirstSectionHeader.m; sourceTree = "<group>"; };
		CC2177931D0FF1E9001BA6D4 /* ZQPictureView.h */ = {isa = PBXFileReference; fileEncoding = 4; lastKnownFileType = sourcecode.c.h; path = ZQPictureView.h; sourceTree = "<group>"; };
		CC2177941D0FF1E9001BA6D4 /* ZQPictureView.m */ = {isa = PBXFileReference; fileEncoding = 4; lastKnownFileType = sourcecode.c.objc; path = ZQPictureView.m; sourceTree = "<group>"; };
		CC3910BF1D123F8500A89DEC /* ZQPlayerView.h */ = {isa = PBXFileReference; fileEncoding = 4; lastKnownFileType = sourcecode.c.h; path = ZQPlayerView.h; sourceTree = "<group>"; };
		CC3910C01D123F8500A89DEC /* ZQPlayerView.m */ = {isa = PBXFileReference; fileEncoding = 4; lastKnownFileType = sourcecode.c.objc; path = ZQPlayerView.m; sourceTree = "<group>"; };
		CC39391F1D13CAA80038B025 /* ZQPlayerControlView.h */ = {isa = PBXFileReference; fileEncoding = 4; lastKnownFileType = sourcecode.c.h; path = ZQPlayerControlView.h; sourceTree = "<group>"; };
		CC3939201D13CAA80038B025 /* ZQPlayerControlView.m */ = {isa = PBXFileReference; fileEncoding = 4; lastKnownFileType = sourcecode.c.objc; path = ZQPlayerControlView.m; sourceTree = "<group>"; };
		CC88A8351D0E69D600C32490 /* ZQSectionHeader.h */ = {isa = PBXFileReference; fileEncoding = 4; lastKnownFileType = sourcecode.c.h; path = ZQSectionHeader.h; sourceTree = "<group>"; };
		CC88A8361D0E69D600C32490 /* ZQSectionHeader.m */ = {isa = PBXFileReference; fileEncoding = 4; lastKnownFileType = sourcecode.c.objc; path = ZQSectionHeader.m; sourceTree = "<group>"; };
		CC88A8381D0E94FA00C32490 /* ZQAPI.h */ = {isa = PBXFileReference; fileEncoding = 4; lastKnownFileType = sourcecode.c.h; path = ZQAPI.h; sourceTree = "<group>"; };
		CC88A8391D0E94FA00C32490 /* ZQAPI.m */ = {isa = PBXFileReference; fileEncoding = 4; lastKnownFileType = sourcecode.c.objc; path = ZQAPI.m; sourceTree = "<group>"; };
		CCC4ECAF1D07CC0700B6EF80 /* ZhanQiTV.app */ = {isa = PBXFileReference; explicitFileType = wrapper.application; includeInIndex = 0; path = ZhanQiTV.app; sourceTree = BUILT_PRODUCTS_DIR; };
		CCC4ECB31D07CC0700B6EF80 /* main.m */ = {isa = PBXFileReference; lastKnownFileType = sourcecode.c.objc; path = main.m; sourceTree = "<group>"; };
		CCC4ECB51D07CC0700B6EF80 /* AppDelegate.h */ = {isa = PBXFileReference; lastKnownFileType = sourcecode.c.h; path = AppDelegate.h; sourceTree = "<group>"; };
		CCC4ECB61D07CC0700B6EF80 /* AppDelegate.m */ = {isa = PBXFileReference; lastKnownFileType = sourcecode.c.objc; path = AppDelegate.m; sourceTree = "<group>"; };
		CCC4ECBE1D07CC0700B6EF80 /* Assets.xcassets */ = {isa = PBXFileReference; lastKnownFileType = folder.assetcatalog; path = Assets.xcassets; sourceTree = "<group>"; };
		CCC4ECC31D07CC0700B6EF80 /* Info.plist */ = {isa = PBXFileReference; lastKnownFileType = text.plist.xml; path = Info.plist; sourceTree = "<group>"; };
		CCC4ECCE1D07D2B200B6EF80 /* ZQTabBarController.h */ = {isa = PBXFileReference; fileEncoding = 4; lastKnownFileType = sourcecode.c.h; path = ZQTabBarController.h; sourceTree = "<group>"; };
		CCC4ECCF1D07D2B200B6EF80 /* ZQTabBarController.m */ = {isa = PBXFileReference; fileEncoding = 4; lastKnownFileType = sourcecode.c.objc; path = ZQTabBarController.m; sourceTree = "<group>"; };
		CCC4ECD11D07D2E500B6EF80 /* ZQNavigationController.h */ = {isa = PBXFileReference; fileEncoding = 4; lastKnownFileType = sourcecode.c.h; path = ZQNavigationController.h; sourceTree = "<group>"; };
		CCC4ECD21D07D2E500B6EF80 /* ZQNavigationController.m */ = {isa = PBXFileReference; fileEncoding = 4; lastKnownFileType = sourcecode.c.objc; path = ZQNavigationController.m; sourceTree = "<group>"; };
		CCC4ECD41D07D3C300B6EF80 /* ZQBaseViewController.h */ = {isa = PBXFileReference; fileEncoding = 4; lastKnownFileType = sourcecode.c.h; path = ZQBaseViewController.h; sourceTree = "<group>"; };
		CCC4ECD51D07D3C300B6EF80 /* ZQBaseViewController.m */ = {isa = PBXFileReference; fileEncoding = 4; lastKnownFileType = sourcecode.c.objc; path = ZQBaseViewController.m; sourceTree = "<group>"; };
		CCC4ECDB1D07D45F00B6EF80 /* ZQHomeViewController.h */ = {isa = PBXFileReference; fileEncoding = 4; lastKnownFileType = sourcecode.c.h; path = ZQHomeViewController.h; sourceTree = "<group>"; };
		CCC4ECDC1D07D45F00B6EF80 /* ZQHomeViewController.m */ = {isa = PBXFileReference; fileEncoding = 4; lastKnownFileType = sourcecode.c.objc; path = ZQHomeViewController.m; sourceTree = "<group>"; };
		CCDE6D4D1D10EFB10043C52D /* ZQHomeListModel.h */ = {isa = PBXFileReference; fileEncoding = 4; lastKnownFileType = sourcecode.c.h; path = ZQHomeListModel.h; sourceTree = "<group>"; };
		CCDE6D4E1D10EFB10043C52D /* ZQHomeListModel.m */ = {isa = PBXFileReference; fileEncoding = 4; lastKnownFileType = sourcecode.c.objc; path = ZQHomeListModel.m; sourceTree = "<group>"; };
		CCDE6D501D110AA50043C52D /* ZQHomeCell.h */ = {isa = PBXFileReference; fileEncoding = 4; lastKnownFileType = sourcecode.c.h; path = ZQHomeCell.h; sourceTree = "<group>"; };
		CCDE6D511D110AA50043C52D /* ZQHomeCell.m */ = {isa = PBXFileReference; fileEncoding = 4; lastKnownFileType = sourcecode.c.objc; path = ZQHomeCell.m; sourceTree = "<group>"; };
		CCDE6D571D111BFE0043C52D /* ZQRoomViewController.h */ = {isa = PBXFileReference; fileEncoding = 4; lastKnownFileType = sourcecode.c.h; path = ZQRoomViewController.h; sourceTree = "<group>"; };
		CCDE6D581D111BFE0043C52D /* ZQRoomViewController.m */ = {isa = PBXFileReference; fileEncoding = 4; lastKnownFileType = sourcecode.c.objc; path = ZQRoomViewController.m; sourceTree = "<group>"; };
		CCF97C8E1D0D04FE00BD9DCC /* ZQConstants.h */ = {isa = PBXFileReference; fileEncoding = 4; lastKnownFileType = sourcecode.c.h; path = ZQConstants.h; sourceTree = "<group>"; };
/* End PBXFileReference section */

/* Begin PBXFrameworksBuildPhase section */
		CCC4ECAC1D07CC0700B6EF80 /* Frameworks */ = {
			isa = PBXFrameworksBuildPhase;
			buildActionMask = 2147483647;
			files = (
				9A826867E7CFA4A9DCD88667 /* libPods.a in Frameworks */,
			);
			runOnlyForDeploymentPostprocessing = 0;
		};
/* End PBXFrameworksBuildPhase section */

/* Begin PBXGroup section */
		0539B870767DE340AB63F840 /* Pods */ = {
			isa = PBXGroup;
			children = (
				6D6FF1BE7F7DFBE1398E004C /* Pods.debug.xcconfig */,
				73E260742C0DCC5B615CB7F3 /* Pods.release.xcconfig */,
			);
			name = Pods;
			sourceTree = "<group>";
		};
		B55B1D3BE3173F1B0ABF079C /* Frameworks */ = {
			isa = PBXGroup;
			children = (
				2B8F43C532DC4C9B9CACB14E /* libPods.a */,
			);
			name = Frameworks;
			sourceTree = "<group>";
		};
		CC1165E31D13F01D0056B0D5 /* Live */ = {
			isa = PBXGroup;
			children = (
				CC1165E41D13F01D0056B0D5 /* Controller */,
				CC1165E51D13F01D0056B0D5 /* Model */,
				CC1165E61D13F01D0056B0D5 /* View */,
			);
			path = Live;
			sourceTree = "<group>";
		};
		CC1165E41D13F01D0056B0D5 /* Controller */ = {
			isa = PBXGroup;
			children = (
				CC1165E71D13F0900056B0D5 /* ZQLiveViewController.h */,
				CC1165E81D13F0900056B0D5 /* ZQLiveViewController.m */,
			);
			path = Controller;
			sourceTree = "<group>";
		};
		CC1165E51D13F01D0056B0D5 /* Model */ = {
			isa = PBXGroup;
			children = (
			);
			path = Model;
			sourceTree = "<group>";
		};
		CC1165E61D13F01D0056B0D5 /* View */ = {
			isa = PBXGroup;
			children = (
			);
			path = View;
			sourceTree = "<group>";
		};
		CC2177861D0FA065001BA6D4 /* NetworkManager */ = {
			isa = PBXGroup;
			children = (
				CC2177871D0FA09D001BA6D4 /* ZQNetworkManager.h */,
				CC2177881D0FA09D001BA6D4 /* ZQNetworkManager.m */,
			);
			path = NetworkManager;
			sourceTree = "<group>";
		};
		CCC4ECA61D07CC0700B6EF80 = {
			isa = PBXGroup;
			children = (
				CCC4ECB11D07CC0700B6EF80 /* ZhanQiTV */,
				CCC4ECB01D07CC0700B6EF80 /* Products */,
				0539B870767DE340AB63F840 /* Pods */,
				B55B1D3BE3173F1B0ABF079C /* Frameworks */,
			);
			sourceTree = "<group>";
		};
		CCC4ECB01D07CC0700B6EF80 /* Products */ = {
			isa = PBXGroup;
			children = (
				CCC4ECAF1D07CC0700B6EF80 /* ZhanQiTV.app */,
			);
			name = Products;
			sourceTree = "<group>";
		};
		CCC4ECB11D07CC0700B6EF80 /* ZhanQiTV */ = {
			isa = PBXGroup;
			children = (
				CCC4ECB51D07CC0700B6EF80 /* AppDelegate.h */,
				CCC4ECB61D07CC0700B6EF80 /* AppDelegate.m */,
				CCC4ECC91D07D28000B6EF80 /* Classes */,
				CCC4ECB21D07CC0700B6EF80 /* Supporting Files */,
			);
			path = ZhanQiTV;
			sourceTree = "<group>";
		};
		CCC4ECB21D07CC0700B6EF80 /* Supporting Files */ = {
			isa = PBXGroup;
			children = (
				CCC4ECBE1D07CC0700B6EF80 /* Assets.xcassets */,
				CCC4ECB31D07CC0700B6EF80 /* main.m */,
				CCC4ECC31D07CC0700B6EF80 /* Info.plist */,
			);
			name = "Supporting Files";
			sourceTree = "<group>";
		};
		CCC4ECC91D07D28000B6EF80 /* Classes */ = {
			isa = PBXGroup;
			children = (
				CC2177861D0FA065001BA6D4 /* NetworkManager */,
				CCF97C8D1D0D04E000BD9DCC /* Constants */,
				CCC4ECCA1D07D28000B6EF80 /* Main */,
				CCDE6D531D111BDF0043C52D /* Room */,
				CCC4ECD71D07D44600B6EF80 /* Home */,
				CC1165E31D13F01D0056B0D5 /* Live */,
			);
			path = Classes;
			sourceTree = "<group>";
		};
		CCC4ECCA1D07D28000B6EF80 /* Main */ = {
			isa = PBXGroup;
			children = (
				CCC4ECCB1D07D28000B6EF80 /* Controller */,
				CCC4ECCC1D07D28000B6EF80 /* Model */,
				CCC4ECCD1D07D28000B6EF80 /* View */,
			);
			path = Main;
			sourceTree = "<group>";
		};
		CCC4ECCB1D07D28000B6EF80 /* Controller */ = {
			isa = PBXGroup;
			children = (
				CCC4ECCE1D07D2B200B6EF80 /* ZQTabBarController.h */,
				CCC4ECCF1D07D2B200B6EF80 /* ZQTabBarController.m */,
				CCC4ECD11D07D2E500B6EF80 /* ZQNavigationController.h */,
				CCC4ECD21D07D2E500B6EF80 /* ZQNavigationController.m */,
				CCC4ECD41D07D3C300B6EF80 /* ZQBaseViewController.h */,
				CCC4ECD51D07D3C300B6EF80 /* ZQBaseViewController.m */,
			);
			path = Controller;
			sourceTree = "<group>";
		};
		CCC4ECCC1D07D28000B6EF80 /* Model */ = {
			isa = PBXGroup;
			children = (
			);
			path = Model;
			sourceTree = "<group>";
		};
		CCC4ECCD1D07D28000B6EF80 /* View */ = {
			isa = PBXGroup;
			children = (
			);
			path = View;
			sourceTree = "<group>";
		};
		CCC4ECD71D07D44600B6EF80 /* Home */ = {
			isa = PBXGroup;
			children = (
				CCC4ECD81D07D44600B6EF80 /* Controller */,
				CCC4ECD91D07D44600B6EF80 /* Model */,
				CCC4ECDA1D07D44600B6EF80 /* View */,
			);
			path = Home;
			sourceTree = "<group>";
		};
		CCC4ECD81D07D44600B6EF80 /* Controller */ = {
			isa = PBXGroup;
			children = (
				CCC4ECDB1D07D45F00B6EF80 /* ZQHomeViewController.h */,
				CCC4ECDC1D07D45F00B6EF80 /* ZQHomeViewController.m */,
			);
			path = Controller;
			sourceTree = "<group>";
		};
		CCC4ECD91D07D44600B6EF80 /* Model */ = {
			isa = PBXGroup;
			children = (
				CC2177831D0F93C0001BA6D4 /* ZQAdModel.h */,
				CC2177841D0F93C0001BA6D4 /* ZQAdModel.m */,
				CCDE6D4D1D10EFB10043C52D /* ZQHomeListModel.h */,
				CCDE6D4E1D10EFB10043C52D /* ZQHomeListModel.m */,
			);
			path = Model;
			sourceTree = "<group>";
		};
		CCC4ECDA1D07D44600B6EF80 /* View */ = {
			isa = PBXGroup;
			children = (
				CC88A8351D0E69D600C32490 /* ZQSectionHeader.h */,
				CC88A8361D0E69D600C32490 /* ZQSectionHeader.m */,
				CC21778D1D0FEF2A001BA6D4 /* ZQFirstSectionHeader.h */,
				CC21778E1D0FEF2A001BA6D4 /* ZQFirstSectionHeader.m */,
				CC2177931D0FF1E9001BA6D4 /* ZQPictureView.h */,
				CC2177941D0FF1E9001BA6D4 /* ZQPictureView.m */,
				CCDE6D501D110AA50043C52D /* ZQHomeCell.h */,
				CCDE6D511D110AA50043C52D /* ZQHomeCell.m */,
			);
			path = View;
			sourceTree = "<group>";
		};
		CCDE6D531D111BDF0043C52D /* Room */ = {
			isa = PBXGroup;
			children = (
				CCDE6D541D111BDF0043C52D /* Controller */,
				CCDE6D551D111BDF0043C52D /* Model */,
				CCDE6D561D111BDF0043C52D /* View */,
			);
			path = Room;
			sourceTree = "<group>";
		};
		CCDE6D541D111BDF0043C52D /* Controller */ = {
			isa = PBXGroup;
			children = (
				CCDE6D571D111BFE0043C52D /* ZQRoomViewController.h */,
				CCDE6D581D111BFE0043C52D /* ZQRoomViewController.m */,
			);
			path = Controller;
			sourceTree = "<group>";
		};
		CCDE6D551D111BDF0043C52D /* Model */ = {
			isa = PBXGroup;
			children = (
			);
			path = Model;
			sourceTree = "<group>";
		};
		CCDE6D561D111BDF0043C52D /* View */ = {
			isa = PBXGroup;
			children = (
				CC3910BF1D123F8500A89DEC /* ZQPlayerView.h */,
				CC3910C01D123F8500A89DEC /* ZQPlayerView.m */,
				CC39391F1D13CAA80038B025 /* ZQPlayerControlView.h */,
				CC3939201D13CAA80038B025 /* ZQPlayerControlView.m */,
			);
			path = View;
			sourceTree = "<group>";
		};
		CCF97C8D1D0D04E000BD9DCC /* Constants */ = {
			isa = PBXGroup;
			children = (
				CCF97C8E1D0D04FE00BD9DCC /* ZQConstants.h */,
				CC88A8381D0E94FA00C32490 /* ZQAPI.h */,
				CC88A8391D0E94FA00C32490 /* ZQAPI.m */,
				CC1165EA1D13F48B0056B0D5 /* ZQCellConstant.h */,
				CC1165EB1D13F48C0056B0D5 /* ZQCellConstant.m */,
			);
			path = Constants;
			sourceTree = "<group>";
		};
/* End PBXGroup section */

/* Begin PBXNativeTarget section */
		CCC4ECAE1D07CC0700B6EF80 /* ZhanQiTV */ = {
			isa = PBXNativeTarget;
			buildConfigurationList = CCC4ECC61D07CC0700B6EF80 /* Build configuration list for PBXNativeTarget "ZhanQiTV" */;
			buildPhases = (
				48282965E507AE3D2520FE04 /* Check Pods Manifest.lock */,
				CCC4ECAB1D07CC0700B6EF80 /* Sources */,
				CCC4ECAC1D07CC0700B6EF80 /* Frameworks */,
				CCC4ECAD1D07CC0700B6EF80 /* Resources */,
				A0D7C92C4B115EF076F14780 /* Embed Pods Frameworks */,
				D5DCF6630681FE7F3078AFF8 /* Copy Pods Resources */,
			);
			buildRules = (
			);
			dependencies = (
			);
			name = ZhanQiTV;
			productName = ZhanQiTV;
			productReference = CCC4ECAF1D07CC0700B6EF80 /* ZhanQiTV.app */;
			productType = "com.apple.product-type.application";
		};
/* End PBXNativeTarget section */

/* Begin PBXProject section */
		CCC4ECA71D07CC0700B6EF80 /* Project object */ = {
			isa = PBXProject;
			attributes = {
				CLASSPREFIX = ZQ;
				LastUpgradeCheck = 0730;
				ORGANIZATIONNAME = Mooney.Wang;
				TargetAttributes = {
					CCC4ECAE1D07CC0700B6EF80 = {
						CreatedOnToolsVersion = 7.3.1;
						DevelopmentTeam = 9N8CMN2AS6;
					};
				};
			};
			buildConfigurationList = CCC4ECAA1D07CC0700B6EF80 /* Build configuration list for PBXProject "ZhanQiTV" */;
			compatibilityVersion = "Xcode 3.2";
			developmentRegion = English;
			hasScannedForEncodings = 0;
			knownRegions = (
				en,
				Base,
			);
			mainGroup = CCC4ECA61D07CC0700B6EF80;
			productRefGroup = CCC4ECB01D07CC0700B6EF80 /* Products */;
			projectDirPath = "";
			projectRoot = "";
			targets = (
				CCC4ECAE1D07CC0700B6EF80 /* ZhanQiTV */,
			);
		};
/* End PBXProject section */

/* Begin PBXResourcesBuildPhase section */
		CCC4ECAD1D07CC0700B6EF80 /* Resources */ = {
			isa = PBXResourcesBuildPhase;
			buildActionMask = 2147483647;
			files = (
				CCC4ECBF1D07CC0700B6EF80 /* Assets.xcassets in Resources */,
			);
			runOnlyForDeploymentPostprocessing = 0;
		};
/* End PBXResourcesBuildPhase section */

/* Begin PBXShellScriptBuildPhase section */
		48282965E507AE3D2520FE04 /* Check Pods Manifest.lock */ = {
			isa = PBXShellScriptBuildPhase;
			buildActionMask = 2147483647;
			files = (
			);
			inputPaths = (
			);
			name = "Check Pods Manifest.lock";
			outputPaths = (
			);
			runOnlyForDeploymentPostprocessing = 0;
			shellPath = /bin/sh;
			shellScript = "diff \"${PODS_ROOT}/../Podfile.lock\" \"${PODS_ROOT}/Manifest.lock\" > /dev/null\nif [[ $? != 0 ]] ; then\n    cat << EOM\nerror: The sandbox is not in sync with the Podfile.lock. Run 'pod install' or update your CocoaPods installation.\nEOM\n    exit 1\nfi\n";
			showEnvVarsInLog = 0;
		};
		A0D7C92C4B115EF076F14780 /* Embed Pods Frameworks */ = {
			isa = PBXShellScriptBuildPhase;
			buildActionMask = 2147483647;
			files = (
			);
			inputPaths = (
			);
			name = "Embed Pods Frameworks";
			outputPaths = (
			);
			runOnlyForDeploymentPostprocessing = 0;
			shellPath = /bin/sh;
			shellScript = "\"${SRCROOT}/Pods/Target Support Files/Pods/Pods-frameworks.sh\"\n";
			showEnvVarsInLog = 0;
		};
		D5DCF6630681FE7F3078AFF8 /* Copy Pods Resources */ = {
			isa = PBXShellScriptBuildPhase;
			buildActionMask = 2147483647;
			files = (
			);
			inputPaths = (
			);
			name = "Copy Pods Resources";
			outputPaths = (
			);
			runOnlyForDeploymentPostprocessing = 0;
			shellPath = /bin/sh;
			shellScript = "\"${SRCROOT}/Pods/Target Support Files/Pods/Pods-resources.sh\"\n";
			showEnvVarsInLog = 0;
		};
/* End PBXShellScriptBuildPhase section */

/* Begin PBXSourcesBuildPhase section */
		CCC4ECAB1D07CC0700B6EF80 /* Sources */ = {
			isa = PBXSourcesBuildPhase;
			buildActionMask = 2147483647;
			files = (
				CC1165EC1D13F48C0056B0D5 /* ZQCellConstant.m in Sources */,
				CC88A8371D0E69D600C32490 /* ZQSectionHeader.m in Sources */,
				CCC4ECB71D07CC0700B6EF80 /* AppDelegate.m in Sources */,
				CC2177851D0F93C0001BA6D4 /* ZQAdModel.m in Sources */,
				CC1165E91D13F0900056B0D5 /* ZQLiveViewController.m in Sources */,
				CCC4ECD01D07D2B200B6EF80 /* ZQTabBarController.m in Sources */,
				CC3939211D13CAA80038B025 /* ZQPlayerControlView.m in Sources */,
				CCC4ECDD1D07D45F00B6EF80 /* ZQHomeViewController.m in Sources */,
				CCC4ECD61D07D3C300B6EF80 /* ZQBaseViewController.m in Sources */,
				CCC4ECD31D07D2E500B6EF80 /* ZQNavigationController.m in Sources */,
				CCDE6D521D110AA50043C52D /* ZQHomeCell.m in Sources */,
				CCDE6D591D111BFE0043C52D /* ZQRoomViewController.m in Sources */,
				CCC4ECB41D07CC0700B6EF80 /* main.m in Sources */,
				CC3910C11D123F8500A89DEC /* ZQPlayerView.m in Sources */,
				CC2177951D0FF1E9001BA6D4 /* ZQPictureView.m in Sources */,
				CC21778F1D0FEF2A001BA6D4 /* ZQFirstSectionHeader.m in Sources */,
				CC88A83A1D0E94FA00C32490 /* ZQAPI.m in Sources */,
				CCDE6D4F1D10EFB10043C52D /* ZQHomeListModel.m in Sources */,
				CC2177891D0FA09D001BA6D4 /* ZQNetworkManager.m in Sources */,
			);
			runOnlyForDeploymentPostprocessing = 0;
		};
/* End PBXSourcesBuildPhase section */

/* Begin XCBuildConfiguration section */
		CCC4ECC41D07CC0700B6EF80 /* Debug */ = {
			isa = XCBuildConfiguration;
			buildSettings = {
				ALWAYS_SEARCH_USER_PATHS = NO;
				CLANG_ANALYZER_NONNULL = YES;
				CLANG_CXX_LANGUAGE_STANDARD = "gnu++0x";
				CLANG_CXX_LIBRARY = "libc++";
				CLANG_ENABLE_MODULES = YES;
				CLANG_ENABLE_OBJC_ARC = YES;
				CLANG_WARN_BOOL_CONVERSION = YES;
				CLANG_WARN_CONSTANT_CONVERSION = YES;
				CLANG_WARN_DIRECT_OBJC_ISA_USAGE = YES_ERROR;
				CLANG_WARN_EMPTY_BODY = YES;
				CLANG_WARN_ENUM_CONVERSION = YES;
				CLANG_WARN_INT_CONVERSION = YES;
				CLANG_WARN_OBJC_ROOT_CLASS = YES_ERROR;
				CLANG_WARN_UNREACHABLE_CODE = YES;
				CLANG_WARN__DUPLICATE_METHOD_MATCH = YES;
				"CODE_SIGN_IDENTITY[sdk=iphoneos*]" = "iPhone Developer";
				COPY_PHASE_STRIP = NO;
				DEBUG_INFORMATION_FORMAT = dwarf;
				ENABLE_STRICT_OBJC_MSGSEND = YES;
				ENABLE_TESTABILITY = YES;
				GCC_C_LANGUAGE_STANDARD = gnu99;
				GCC_DYNAMIC_NO_PIC = NO;
				GCC_NO_COMMON_BLOCKS = YES;
				GCC_OPTIMIZATION_LEVEL = 0;
				GCC_PREPROCESSOR_DEFINITIONS = (
					"DEBUG=1",
					"$(inherited)",
				);
				GCC_WARN_64_TO_32_BIT_CONVERSION = YES;
				GCC_WARN_ABOUT_RETURN_TYPE = YES_ERROR;
				GCC_WARN_UNDECLARED_SELECTOR = YES;
				GCC_WARN_UNINITIALIZED_AUTOS = YES_AGGRESSIVE;
				GCC_WARN_UNUSED_FUNCTION = YES;
				GCC_WARN_UNUSED_VARIABLE = YES;
				IPHONEOS_DEPLOYMENT_TARGET = 9.3;
				MTL_ENABLE_DEBUG_INFO = YES;
				ONLY_ACTIVE_ARCH = YES;
				SDKROOT = iphoneos;
			};
			name = Debug;
		};
		CCC4ECC51D07CC0700B6EF80 /* Release */ = {
			isa = XCBuildConfiguration;
			buildSettings = {
				ALWAYS_SEARCH_USER_PATHS = NO;
				CLANG_ANALYZER_NONNULL = YES;
				CLANG_CXX_LANGUAGE_STANDARD = "gnu++0x";
				CLANG_CXX_LIBRARY = "libc++";
				CLANG_ENABLE_MODULES = YES;
				CLANG_ENABLE_OBJC_ARC = YES;
				CLANG_WARN_BOOL_CONVERSION = YES;
				CLANG_WARN_CONSTANT_CONVERSION = YES;
				CLANG_WARN_DIRECT_OBJC_ISA_USAGE = YES_ERROR;
				CLANG_WARN_EMPTY_BODY = YES;
				CLANG_WARN_ENUM_CONVERSION = YES;
				CLANG_WARN_INT_CONVERSION = YES;
				CLANG_WARN_OBJC_ROOT_CLASS = YES_ERROR;
				CLANG_WARN_UNREACHABLE_CODE = YES;
				CLANG_WARN__DUPLICATE_METHOD_MATCH = YES;
				"CODE_SIGN_IDENTITY[sdk=iphoneos*]" = "iPhone Developer";
				COPY_PHASE_STRIP = NO;
				DEBUG_INFORMATION_FORMAT = "dwarf-with-dsym";
				ENABLE_NS_ASSERTIONS = NO;
				ENABLE_STRICT_OBJC_MSGSEND = YES;
				GCC_C_LANGUAGE_STANDARD = gnu99;
				GCC_NO_COMMON_BLOCKS = YES;
				GCC_WARN_64_TO_32_BIT_CONVERSION = YES;
				GCC_WARN_ABOUT_RETURN_TYPE = YES_ERROR;
				GCC_WARN_UNDECLARED_SELECTOR = YES;
				GCC_WARN_UNINITIALIZED_AUTOS = YES_AGGRESSIVE;
				GCC_WARN_UNUSED_FUNCTION = YES;
				GCC_WARN_UNUSED_VARIABLE = YES;
				IPHONEOS_DEPLOYMENT_TARGET = 9.3;
				MTL_ENABLE_DEBUG_INFO = NO;
				SDKROOT = iphoneos;
				VALIDATE_PRODUCT = YES;
			};
			name = Release;
		};
		CCC4ECC71D07CC0700B6EF80 /* Debug */ = {
			isa = XCBuildConfiguration;
			baseConfigurationReference = 6D6FF1BE7F7DFBE1398E004C /* Pods.debug.xcconfig */;
			buildSettings = {
				ASSETCATALOG_COMPILER_APPICON_NAME = AppIcon;
				ASSETCATALOG_COMPILER_LAUNCHIMAGE_NAME = LaunchImage;
				CODE_SIGN_IDENTITY = "iPhone Developer";
				FRAMEWORK_SEARCH_PATHS = (
					"$(inherited)",
					"$(PROJECT_DIR)",
				);
				HEADER_SEARCH_PATHS = (
					"$(inherited)",
					"\"${PODS_ROOT}/Headers/Public\"",
					"\"${PODS_ROOT}/Headers/Public/AFNetworking\"",
					"\"${PODS_ROOT}/Headers/Public/JSONModel\"",
					"\"${PODS_ROOT}/Headers/Public/MBProgressHUD\"",
					"\"${PODS_ROOT}/Headers/Public/Masonry\"",
					"\"${PODS_ROOT}/Headers/Public/SDWebImage\"",
					"\"$(SRCROOT)/IJKMediaFramework.framework/Headers\"/**",
				);
				INFOPLIST_FILE = ZhanQiTV/Info.plist;
				IPHONEOS_DEPLOYMENT_TARGET = 9.0;
				LD_RUNPATH_SEARCH_PATHS = "$(inherited) @executable_path/Frameworks";
				LIBRARY_SEARCH_PATHS = (
					"$(inherited)",
					"$(PROJECT_DIR)/ijkplayer/ios/build/ffmpeg-arm64/output/lib",
					"$(PROJECT_DIR)/ijkplayer/ios/build/ffmpeg-armv7/output/lib",
					"$(PROJECT_DIR)/ijkplayer/ios/build/ffmpeg-i386/output/lib",
					"$(PROJECT_DIR)/ijkplayer/ios/build/ffmpeg-x86_64/output/lib",
					"$(PROJECT_DIR)/ijkplayer/ios/build/universal/lib",
					"$(PROJECT_DIR)/ijkplayer/ios/ffmpeg-arm64/libavcodec",
					"$(PROJECT_DIR)/ijkplayer/ios/ffmpeg-arm64/libavfilter",
					"$(PROJECT_DIR)/ijkplayer/ios/ffmpeg-arm64/libavformat",
					"$(PROJECT_DIR)/ijkplayer/ios/ffmpeg-arm64/libavutil",
					"$(PROJECT_DIR)/ijkplayer/ios/ffmpeg-arm64/libswresample",
					"$(PROJECT_DIR)/ijkplayer/ios/ffmpeg-arm64/libswscale",
					"$(PROJECT_DIR)/ijkplayer/ios/ffmpeg-armv7/libavcodec",
					"$(PROJECT_DIR)/ijkplayer/ios/ffmpeg-armv7/libavfilter",
					"$(PROJECT_DIR)/ijkplayer/ios/ffmpeg-armv7/libavformat",
					"$(PROJECT_DIR)/ijkplayer/ios/ffmpeg-armv7/libavutil",
					"$(PROJECT_DIR)/ijkplayer/ios/ffmpeg-armv7/libswresample",
					"$(PROJECT_DIR)/ijkplayer/ios/ffmpeg-armv7/libswscale",
					"$(PROJECT_DIR)/ijkplayer/ios/ffmpeg-i386/libavcodec",
					"$(PROJECT_DIR)/ijkplayer/ios/ffmpeg-i386/libavfilter",
					"$(PROJECT_DIR)/ijkplayer/ios/ffmpeg-i386/libavformat",
					"$(PROJECT_DIR)/ijkplayer/ios/ffmpeg-i386/libavutil",
					"$(PROJECT_DIR)/ijkplayer/ios/ffmpeg-i386/libswresample",
					"$(PROJECT_DIR)/ijkplayer/ios/ffmpeg-i386/libswscale",
					"$(PROJECT_DIR)/ijkplayer/ios/ffmpeg-x86_64/libavcodec",
					"$(PROJECT_DIR)/ijkplayer/ios/ffmpeg-x86_64/libavfilter",
					"$(PROJECT_DIR)/ijkplayer/ios/ffmpeg-x86_64/libavformat",
					"$(PROJECT_DIR)/ijkplayer/ios/ffmpeg-x86_64/libavutil",
					"$(PROJECT_DIR)/ijkplayer/ios/ffmpeg-x86_64/libswresample",
					"$(PROJECT_DIR)/ijkplayer/ios/ffmpeg-x86_64/libswscale",
				);
				PRODUCT_BUNDLE_IDENTIFIER = mooney.wang.ZhanQiTV;
				PRODUCT_NAME = "$(TARGET_NAME)";
				USER_HEADER_SEARCH_PATHS = "\"$(SRCROOT)/IJKMediaFramework.framework/Headers\"/**";
			};
			name = Debug;
		};
		CCC4ECC81D07CC0700B6EF80 /* Release */ = {
			isa = XCBuildConfiguration;
			baseConfigurationReference = 73E260742C0DCC5B615CB7F3 /* Pods.release.xcconfig */;
			buildSettings = {
				ASSETCATALOG_COMPILER_APPICON_NAME = AppIcon;
				ASSETCATALOG_COMPILER_LAUNCHIMAGE_NAME = LaunchImage;
				CODE_SIGN_IDENTITY = "iPhone Developer";
				FRAMEWORK_SEARCH_PATHS = (
					"$(inherited)",
					"$(PROJECT_DIR)",
				);
				HEADER_SEARCH_PATHS = (
					"$(inherited)",
					"\"${PODS_ROOT}/Headers/Public\"",
					"\"${PODS_ROOT}/Headers/Public/AFNetworking\"",
					"\"${PODS_ROOT}/Headers/Public/JSONModel\"",
					"\"${PODS_ROOT}/Headers/Public/MBProgressHUD\"",
					"\"${PODS_ROOT}/Headers/Public/Masonry\"",
					"\"${PODS_ROOT}/Headers/Public/SDWebImage\"",
					"\"$(SRCROOT)/IJKMediaFramework.framework/Headers\"/**",
				);
				INFOPLIST_FILE = ZhanQiTV/Info.plist;
				IPHONEOS_DEPLOYMENT_TARGET = 9.0;
				LD_RUNPATH_SEARCH_PATHS = "$(inherited) @executable_path/Frameworks";
				LIBRARY_SEARCH_PATHS = (
					"$(inherited)",
					"$(PROJECT_DIR)/ijkplayer/ios/build/ffmpeg-arm64/output/lib",
					"$(PROJECT_DIR)/ijkplayer/ios/build/ffmpeg-armv7/output/lib",
					"$(PROJECT_DIR)/ijkplayer/ios/build/ffmpeg-i386/output/lib",
					"$(PROJECT_DIR)/ijkplayer/ios/build/ffmpeg-x86_64/output/lib",
					"$(PROJECT_DIR)/ijkplayer/ios/build/universal/lib",
					"$(PROJECT_DIR)/ijkplayer/ios/ffmpeg-arm64/libavcodec",
					"$(PROJECT_DIR)/ijkplayer/ios/ffmpeg-arm64/libavfilter",
					"$(PROJECT_DIR)/ijkplayer/ios/ffmpeg-arm64/libavformat",
					"$(PROJECT_DIR)/ijkplayer/ios/ffmpeg-arm64/libavutil",
					"$(PROJECT_DIR)/ijkplayer/ios/ffmpeg-arm64/libswresample",
					"$(PROJECT_DIR)/ijkplayer/ios/ffmpeg-arm64/libswscale",
					"$(PROJECT_DIR)/ijkplayer/ios/ffmpeg-armv7/libavcodec",
					"$(PROJECT_DIR)/ijkplayer/ios/ffmpeg-armv7/libavfilter",
					"$(PROJECT_DIR)/ijkplayer/ios/ffmpeg-armv7/libavformat",
					"$(PROJECT_DIR)/ijkplayer/ios/ffmpeg-armv7/libavutil",
					"$(PROJECT_DIR)/ijkplayer/ios/ffmpeg-armv7/libswresample",
					"$(PROJECT_DIR)/ijkplayer/ios/ffmpeg-armv7/libswscale",
					"$(PROJECT_DIR)/ijkplayer/ios/ffmpeg-i386/libavcodec",
					"$(PROJECT_DIR)/ijkplayer/ios/ffmpeg-i386/libavfilter",
					"$(PROJECT_DIR)/ijkplayer/ios/ffmpeg-i386/libavformat",
					"$(PROJECT_DIR)/ijkplayer/ios/ffmpeg-i386/libavutil",
					"$(PROJECT_DIR)/ijkplayer/ios/ffmpeg-i386/libswresample",
					"$(PROJECT_DIR)/ijkplayer/ios/ffmpeg-i386/libswscale",
					"$(PROJECT_DIR)/ijkplayer/ios/ffmpeg-x86_64/libavcodec",
					"$(PROJECT_DIR)/ijkplayer/ios/ffmpeg-x86_64/libavfilter",
					"$(PROJECT_DIR)/ijkplayer/ios/ffmpeg-x86_64/libavformat",
					"$(PROJECT_DIR)/ijkplayer/ios/ffmpeg-x86_64/libavutil",
					"$(PROJECT_DIR)/ijkplayer/ios/ffmpeg-x86_64/libswresample",
					"$(PROJECT_DIR)/ijkplayer/ios/ffmpeg-x86_64/libswscale",
				);
				PRODUCT_BUNDLE_IDENTIFIER = mooney.wang.ZhanQiTV;
				PRODUCT_NAME = "$(TARGET_NAME)";
				USER_HEADER_SEARCH_PATHS = "\"$(SRCROOT)/IJKMediaFramework.framework/Headers\"/**";
			};
			name = Release;
		};
/* End XCBuildConfiguration section */

/* Begin XCConfigurationList section */
		CCC4ECAA1D07CC0700B6EF80 /* Build configuration list for PBXProject "ZhanQiTV" */ = {
			isa = XCConfigurationList;
			buildConfigurations = (
				CCC4ECC41D07CC0700B6EF80 /* Debug */,
				CCC4ECC51D07CC0700B6EF80 /* Release */,
			);
			defaultConfigurationIsVisible = 0;
			defaultConfigurationName = Release;
		};
		CCC4ECC61D07CC0700B6EF80 /* Build configuration list for PBXNativeTarget "ZhanQiTV" */ = {
			isa = XCConfigurationList;
			buildConfigurations = (
				CCC4ECC71D07CC0700B6EF80 /* Debug */,
				CCC4ECC81D07CC0700B6EF80 /* Release */,
			);
			defaultConfigurationIsVisible = 0;
			defaultConfigurationName = Release;
		};
/* End XCConfigurationList section */
	};
	rootObject = CCC4ECA71D07CC0700B6EF80 /* Project object */;
}
