// !$*UTF8*$!
{
	archiveVersion = 1;
	classes = {
	};
	objectVersion = 46;
	objects = {

/* Begin PBXBuildFile section */
		CCC4ECB41D07CC0700B6EF80 /* main.m in Sources */ = {isa = PBXBuildFile; fileRef = CCC4ECB31D07CC0700B6EF80 /* main.m */; };
		CCC4ECB71D07CC0700B6EF80 /* AppDelegate.m in Sources */ = {isa = PBXBuildFile; fileRef = CCC4ECB61D07CC0700B6EF80 /* AppDelegate.m */; };
		CCC4ECBF1D07CC0700B6EF80 /* Assets.xcassets in Resources */ = {isa = PBXBuildFile; fileRef = CCC4ECBE1D07CC0700B6EF80 /* Assets.xcassets */; };
		CCC4ECD01D07D2B200B6EF80 /* ZQTabBarController.m in Sources */ = {isa = PBXBuildFile; fileRef = CCC4ECCF1D07D2B200B6EF80 /* ZQTabBarController.m */; };
		CCC4ECD31D07D2E500B6EF80 /* ZQNavigationController.m in Sources */ = {isa = PBXBuildFile; fileRef = CCC4ECD21D07D2E500B6EF80 /* ZQNavigationController.m */; };
		CCC4ECD61D07D3C300B6EF80 /* ZQBaseViewController.m in Sources */ = {isa = PBXBuildFile; fileRef = CCC4ECD51D07D3C300B6EF80 /* ZQBaseViewController.m */; };
		CCC4ECDD1D07D45F00B6EF80 /* ZQHomeViewController.m in Sources */ = {isa = PBXBuildFile; fileRef = CCC4ECDC1D07D45F00B6EF80 /* ZQHomeViewController.m */; };
/* End PBXBuildFile section */

/* Begin PBXFileReference section */
		CCC4ECAF1D07CC0700B6EF80 /* ZhanQiTV.app */ = {isa = PBXFileReference; explicitFileType = wrapper.application; includeInIndex = 0; path = ZhanQiTV.app; sourceTree = BUILT_PRODUCTS_DIR; };
		CCC4ECB31D07CC0700B6EF80 /* main.m */ = {isa = PBXFileReference; lastKnownFileType = sourcecode.c.objc; path = main.m; sourceTree = "<group>"; };
		CCC4ECB51D07CC0700B6EF80 /* AppDelegate.h */ = {isa = PBXFileReference; lastKnownFileType = sourcecode.c.h; path = AppDelegate.h; sourceTree = "<group>"; };
		CCC4ECB61D07CC0700B6EF80 /* AppDelegate.m */ = {isa = PBXFileReference; lastKnownFileType = sourcecode.c.objc; path = AppDelegate.m; sourceTree = "<group>"; };
		CCC4ECBE1D07CC0700B6EF80 /* Assets.xcassets */ = {isa = PBXFileReference; lastKnownFileType = folder.assetcatalog; path = Assets.xcassets; sourceTree = "<group>"; };
		CCC4ECC31D07CC0700B6EF80 /* Info.plist */ = {isa = PBXFileReference; lastKnownFileType = text.plist.xml; path = Info.plist; sourceTree = "<group>"; };
		CCC4ECCE1D07D2B200B6EF80 /* ZQTabBarController.h */ = {isa = PBXFileReference; fileEncoding = 4; lastKnownFileType = sourcecode.c.h; path = ZQTabBarController.h; sourceTree = "<group>"; };
		CCC4ECCF1D07D2B200B6EF80 /* ZQTabBarController.m */ = {isa = PBXFileReference; fileEncoding = 4; lastKnownFileType = sourcecode.c.objc; path = ZQTabBarController.m; sourceTree = "<group>"; };
		CCC4ECD11D07D2E500B6EF80 /* ZQNavigationController.h */ = {isa = PBXFileReference; fileEncoding = 4; lastKnownFileType = sourcecode.c.h; path = ZQNavigationController.h; sourceTree = "<group>"; };
		CCC4ECD21D07D2E500B6EF80 /* ZQNavigationController.m */ = {isa = PBXFileReference; fileEncoding = 4; lastKnownFileType = sourcecode.c.objc; path = ZQNavigationController.m; sourceTree = "<group>"; };
		CCC4ECD41D07D3C300B6EF80 /* ZQBaseViewController.h */ = {isa = PBXFileReference; fileEncoding = 4; lastKnownFileType = sourcecode.c.h; path = ZQBaseViewController.h; sourceTree = "<group>"; };
		CCC4ECD51D07D3C300B6EF80 /* ZQBaseViewController.m */ = {isa = PBXFileReference; fileEncoding = 4; lastKnownFileType = sourcecode.c.objc; path = ZQBaseViewController.m; sourceTree = "<group>"; };
		CCC4ECDB1D07D45F00B6EF80 /* ZQHomeViewController.h */ = {isa = PBXFileReference; fileEncoding = 4; lastKnownFileType = sourcecode.c.h; path = ZQHomeViewController.h; sourceTree = "<group>"; };
		CCC4ECDC1D07D45F00B6EF80 /* ZQHomeViewController.m */ = {isa = PBXFileReference; fileEncoding = 4; lastKnownFileType = sourcecode.c.objc; path = ZQHomeViewController.m; sourceTree = "<group>"; };
/* End PBXFileReference section */

/* Begin PBXFrameworksBuildPhase section */
		CCC4ECAC1D07CC0700B6EF80 /* Frameworks */ = {
			isa = PBXFrameworksBuildPhase;
			buildActionMask = 2147483647;
			files = (
			);
			runOnlyForDeploymentPostprocessing = 0;
		};
/* End PBXFrameworksBuildPhase section */

/* Begin PBXGroup section */
		CCC4ECA61D07CC0700B6EF80 = {
			isa = PBXGroup;
			children = (
				CCC4ECB11D07CC0700B6EF80 /* ZhanQiTV */,
				CCC4ECB01D07CC0700B6EF80 /* Products */,
			);
			sourceTree = "<group>";
		};
		CCC4ECB01D07CC0700B6EF80 /* Products */ = {
			isa = PBXGroup;
			children = (
				CCC4ECAF1D07CC0700B6EF80 /* ZhanQiTV.app */,
			);
			name = Products;
			sourceTree = "<group>";
		};
		CCC4ECB11D07CC0700B6EF80 /* ZhanQiTV */ = {
			isa = PBXGroup;
			children = (
				CCC4ECB51D07CC0700B6EF80 /* AppDelegate.h */,
				CCC4ECB61D07CC0700B6EF80 /* AppDelegate.m */,
				CCC4ECC91D07D28000B6EF80 /* Classes */,
				CCC4ECB21D07CC0700B6EF80 /* Supporting Files */,
			);
			path = ZhanQiTV;
			sourceTree = "<group>";
		};
		CCC4ECB21D07CC0700B6EF80 /* Supporting Files */ = {
			isa = PBXGroup;
			children = (
				CCC4ECBE1D07CC0700B6EF80 /* Assets.xcassets */,
				CCC4ECB31D07CC0700B6EF80 /* main.m */,
				CCC4ECC31D07CC0700B6EF80 /* Info.plist */,
			);
			name = "Supporting Files";
			sourceTree = "<group>";
		};
		CCC4ECC91D07D28000B6EF80 /* Classes */ = {
			isa = PBXGroup;
			children = (
				CCC4ECCA1D07D28000B6EF80 /* Main */,
				CCC4ECD71D07D44600B6EF80 /* Home */,
			);
			path = Classes;
			sourceTree = "<group>";
		};
		CCC4ECCA1D07D28000B6EF80 /* Main */ = {
			isa = PBXGroup;
			children = (
				CCC4ECCB1D07D28000B6EF80 /* Controller */,
				CCC4ECCC1D07D28000B6EF80 /* Model */,
				CCC4ECCD1D07D28000B6EF80 /* View */,
			);
			path = Main;
			sourceTree = "<group>";
		};
		CCC4ECCB1D07D28000B6EF80 /* Controller */ = {
			isa = PBXGroup;
			children = (
				CCC4ECCE1D07D2B200B6EF80 /* ZQTabBarController.h */,
				CCC4ECCF1D07D2B200B6EF80 /* ZQTabBarController.m */,
				CCC4ECD11D07D2E500B6EF80 /* ZQNavigationController.h */,
				CCC4ECD21D07D2E500B6EF80 /* ZQNavigationController.m */,
				CCC4ECD41D07D3C300B6EF80 /* ZQBaseViewController.h */,
				CCC4ECD51D07D3C300B6EF80 /* ZQBaseViewController.m */,
			);
			path = Controller;
			sourceTree = "<group>";
		};
		CCC4ECCC1D07D28000B6EF80 /* Model */ = {
			isa = PBXGroup;
			children = (
			);
			path = Model;
			sourceTree = "<group>";
		};
		CCC4ECCD1D07D28000B6EF80 /* View */ = {
			isa = PBXGroup;
			children = (
			);
			path = View;
			sourceTree = "<group>";
		};
		CCC4ECD71D07D44600B6EF80 /* Home */ = {
			isa = PBXGroup;
			children = (
				CCC4ECD81D07D44600B6EF80 /* Controller */,
				CCC4ECD91D07D44600B6EF80 /* Model */,
				CCC4ECDA1D07D44600B6EF80 /* View */,
			);
			path = Home;
			sourceTree = "<group>";
		};
		CCC4ECD81D07D44600B6EF80 /* Controller */ = {
			isa = PBXGroup;
			children = (
				CCC4ECDB1D07D45F00B6EF80 /* ZQHomeViewController.h */,
				CCC4ECDC1D07D45F00B6EF80 /* ZQHomeViewController.m */,
			);
			path = Controller;
			sourceTree = "<group>";
		};
		CCC4ECD91D07D44600B6EF80 /* Model */ = {
			isa = PBXGroup;
			children = (
			);
			path = Model;
			sourceTree = "<group>";
		};
		CCC4ECDA1D07D44600B6EF80 /* View */ = {
			isa = PBXGroup;
			children = (
			);
			path = View;
			sourceTree = "<group>";
		};
/* End PBXGroup section */

/* Begin PBXNativeTarget section */
		CCC4ECAE1D07CC0700B6EF80 /* ZhanQiTV */ = {
			isa = PBXNativeTarget;
			buildConfigurationList = CCC4ECC61D07CC0700B6EF80 /* Build configuration list for PBXNativeTarget "ZhanQiTV" */;
			buildPhases = (
				CCC4ECAB1D07CC0700B6EF80 /* Sources */,
				CCC4ECAC1D07CC0700B6EF80 /* Frameworks */,
				CCC4ECAD1D07CC0700B6EF80 /* Resources */,
			);
			buildRules = (
			);
			dependencies = (
			);
			name = ZhanQiTV;
			productName = ZhanQiTV;
			productReference = CCC4ECAF1D07CC0700B6EF80 /* ZhanQiTV.app */;
			productType = "com.apple.product-type.application";
		};
/* End PBXNativeTarget section */

/* Begin PBXProject section */
		CCC4ECA71D07CC0700B6EF80 /* Project object */ = {
			isa = PBXProject;
			attributes = {
				CLASSPREFIX = ZQ;
				LastUpgradeCheck = 0730;
				ORGANIZATIONNAME = Mooney.Wang;
				TargetAttributes = {
					CCC4ECAE1D07CC0700B6EF80 = {
						CreatedOnToolsVersion = 7.3.1;
					};
				};
			};
			buildConfigurationList = CCC4ECAA1D07CC0700B6EF80 /* Build configuration list for PBXProject "ZhanQiTV" */;
			compatibilityVersion = "Xcode 3.2";
			developmentRegion = English;
			hasScannedForEncodings = 0;
			knownRegions = (
				en,
				Base,
			);
			mainGroup = CCC4ECA61D07CC0700B6EF80;
			productRefGroup = CCC4ECB01D07CC0700B6EF80 /* Products */;
			projectDirPath = "";
			projectRoot = "";
			targets = (
				CCC4ECAE1D07CC0700B6EF80 /* ZhanQiTV */,
			);
		};
/* End PBXProject section */

/* Begin PBXResourcesBuildPhase section */
		CCC4ECAD1D07CC0700B6EF80 /* Resources */ = {
			isa = PBXResourcesBuildPhase;
			buildActionMask = 2147483647;
			files = (
				CCC4ECBF1D07CC0700B6EF80 /* Assets.xcassets in Resources */,
			);
			runOnlyForDeploymentPostprocessing = 0;
		};
/* End PBXResourcesBuildPhase section */

/* Begin PBXSourcesBuildPhase section */
		CCC4ECAB1D07CC0700B6EF80 /* Sources */ = {
			isa = PBXSourcesBuildPhase;
			buildActionMask = 2147483647;
			files = (
				CCC4ECB71D07CC0700B6EF80 /* AppDelegate.m in Sources */,
				CCC4ECD01D07D2B200B6EF80 /* ZQTabBarController.m in Sources */,
				CCC4ECDD1D07D45F00B6EF80 /* ZQHomeViewController.m in Sources */,
				CCC4ECD61D07D3C300B6EF80 /* ZQBaseViewController.m in Sources */,
				CCC4ECD31D07D2E500B6EF80 /* ZQNavigationController.m in Sources */,
				CCC4ECB41D07CC0700B6EF80 /* main.m in Sources */,
			);
			runOnlyForDeploymentPostprocessing = 0;
		};
/* End PBXSourcesBuildPhase section */

/* Begin XCBuildConfiguration section */
		CCC4ECC41D07CC0700B6EF80 /* Debug */ = {
			isa = XCBuildConfiguration;
			buildSettings = {
				ALWAYS_SEARCH_USER_PATHS = NO;
				CLANG_ANALYZER_NONNULL = YES;
				CLANG_CXX_LANGUAGE_STANDARD = "gnu++0x";
				CLANG_CXX_LIBRARY = "libc++";
				CLANG_ENABLE_MODULES = YES;
				CLANG_ENABLE_OBJC_ARC = YES;
				CLANG_WARN_BOOL_CONVERSION = YES;
				CLANG_WARN_CONSTANT_CONVERSION = YES;
				CLANG_WARN_DIRECT_OBJC_ISA_USAGE = YES_ERROR;
				CLANG_WARN_EMPTY_BODY = YES;
				CLANG_WARN_ENUM_CONVERSION = YES;
				CLANG_WARN_INT_CONVERSION = YES;
				CLANG_WARN_OBJC_ROOT_CLASS = YES_ERROR;
				CLANG_WARN_UNREACHABLE_CODE = YES;
				CLANG_WARN__DUPLICATE_METHOD_MATCH = YES;
				"CODE_SIGN_IDENTITY[sdk=iphoneos*]" = "iPhone Developer";
				COPY_PHASE_STRIP = NO;
				DEBUG_INFORMATION_FORMAT = dwarf;
				ENABLE_STRICT_OBJC_MSGSEND = YES;
				ENABLE_TESTABILITY = YES;
				GCC_C_LANGUAGE_STANDARD = gnu99;
				GCC_DYNAMIC_NO_PIC = NO;
				GCC_NO_COMMON_BLOCKS = YES;
				GCC_OPTIMIZATION_LEVEL = 0;
				GCC_PREPROCESSOR_DEFINITIONS = (
					"DEBUG=1",
					"$(inherited)",
				);
				GCC_WARN_64_TO_32_BIT_CONVERSION = YES;
				GCC_WARN_ABOUT_RETURN_TYPE = YES_ERROR;
				GCC_WARN_UNDECLARED_SELECTOR = YES;
				GCC_WARN_UNINITIALIZED_AUTOS = YES_AGGRESSIVE;
				GCC_WARN_UNUSED_FUNCTION = YES;
				GCC_WARN_UNUSED_VARIABLE = YES;
				IPHONEOS_DEPLOYMENT_TARGET = 9.3;
				MTL_ENABLE_DEBUG_INFO = YES;
				ONLY_ACTIVE_ARCH = YES;
				SDKROOT = iphoneos;
			};
			name = Debug;
		};
		CCC4ECC51D07CC0700B6EF80 /* Release */ = {
			isa = XCBuildConfiguration;
			buildSettings = {
				ALWAYS_SEARCH_USER_PATHS = NO;
				CLANG_ANALYZER_NONNULL = YES;
				CLANG_CXX_LANGUAGE_STANDARD = "gnu++0x";
				CLANG_CXX_LIBRARY = "libc++";
				CLANG_ENABLE_MODULES = YES;
				CLANG_ENABLE_OBJC_ARC = YES;
				CLANG_WARN_BOOL_CONVERSION = YES;
				CLANG_WARN_CONSTANT_CONVERSION = YES;
				CLANG_WARN_DIRECT_OBJC_ISA_USAGE = YES_ERROR;
				CLANG_WARN_EMPTY_BODY = YES;
				CLANG_WARN_ENUM_CONVERSION = YES;
				CLANG_WARN_INT_CONVERSION = YES;
				CLANG_WARN_OBJC_ROOT_CLASS = YES_ERROR;
				CLANG_WARN_UNREACHABLE_CODE = YES;
				CLANG_WARN__DUPLICATE_METHOD_MATCH = YES;
				"CODE_SIGN_IDENTITY[sdk=iphoneos*]" = "iPhone Developer";
				COPY_PHASE_STRIP = NO;
				DEBUG_INFORMATION_FORMAT = "dwarf-with-dsym";
				ENABLE_NS_ASSERTIONS = NO;
				ENABLE_STRICT_OBJC_MSGSEND = YES;
				GCC_C_LANGUAGE_STANDARD = gnu99;
				GCC_NO_COMMON_BLOCKS = YES;
				GCC_WARN_64_TO_32_BIT_CONVERSION = YES;
				GCC_WARN_ABOUT_RETURN_TYPE = YES_ERROR;
				GCC_WARN_UNDECLARED_SELECTOR = YES;
				GCC_WARN_UNINITIALIZED_AUTOS = YES_AGGRESSIVE;
				GCC_WARN_UNUSED_FUNCTION = YES;
				GCC_WARN_UNUSED_VARIABLE = YES;
				IPHONEOS_DEPLOYMENT_TARGET = 9.3;
				MTL_ENABLE_DEBUG_INFO = NO;
				SDKROOT = iphoneos;
				VALIDATE_PRODUCT = YES;
			};
			name = Release;
		};
		CCC4ECC71D07CC0700B6EF80 /* Debug */ = {
			isa = XCBuildConfiguration;
			buildSettings = {
				ASSETCATALOG_COMPILER_APPICON_NAME = AppIcon;
				ASSETCATALOG_COMPILER_LAUNCHIMAGE_NAME = LaunchImage;
				INFOPLIST_FILE = ZhanQiTV/Info.plist;
				IPHONEOS_DEPLOYMENT_TARGET = 9.0;
				LD_RUNPATH_SEARCH_PATHS = "$(inherited) @executable_path/Frameworks";
				PRODUCT_BUNDLE_IDENTIFIER = mooney.wang.ZhanQiTV;
				PRODUCT_NAME = "$(TARGET_NAME)";
			};
			name = Debug;
		};
		CCC4ECC81D07CC0700B6EF80 /* Release */ = {
			isa = XCBuildConfiguration;
			buildSettings = {
				ASSETCATALOG_COMPILER_APPICON_NAME = AppIcon;
				ASSETCATALOG_COMPILER_LAUNCHIMAGE_NAME = LaunchImage;
				INFOPLIST_FILE = ZhanQiTV/Info.plist;
				IPHONEOS_DEPLOYMENT_TARGET = 9.0;
				LD_RUNPATH_SEARCH_PATHS = "$(inherited) @executable_path/Frameworks";
				PRODUCT_BUNDLE_IDENTIFIER = mooney.wang.ZhanQiTV;
				PRODUCT_NAME = "$(TARGET_NAME)";
			};
			name = Release;
		};
/* End XCBuildConfiguration section */

/* Begin XCConfigurationList section */
		CCC4ECAA1D07CC0700B6EF80 /* Build configuration list for PBXProject "ZhanQiTV" */ = {
			isa = XCConfigurationList;
			buildConfigurations = (
				CCC4ECC41D07CC0700B6EF80 /* Debug */,
				CCC4ECC51D07CC0700B6EF80 /* Release */,
			);
			defaultConfigurationIsVisible = 0;
			defaultConfigurationName = Release;
		};
		CCC4ECC61D07CC0700B6EF80 /* Build configuration list for PBXNativeTarget "ZhanQiTV" */ = {
			isa = XCConfigurationList;
			buildConfigurations = (
				CCC4ECC71D07CC0700B6EF80 /* Debug */,
				CCC4ECC81D07CC0700B6EF80 /* Release */,
			);
			defaultConfigurationIsVisible = 0;
		};
/* End XCConfigurationList section */
	};
	rootObject = CCC4ECA71D07CC0700B6EF80 /* Project object */;
}
